
Microsoft Visual Studio Solution File, Format Version 12.00
# Visual Studio Version 16
VisualStudioVersion = 16.0.808.7
MinimumVisualStudioVersion = 10.0.40219.1
Project("{FAE04EC0-301F-11D3-BF4B-00C04F79EFBC}") = "TopApplicant.Main", "TopApplicant.Main\TopApplicant.Main.csproj", "{574E7EB4-BE06-4FEA-B9FC-E0E571D71CF5}"
EndProject
Project("{FAE04EC0-301F-11D3-BF4B-00C04F79EFBC}") = "TopApplicant.Data", "TopApplicant.Data\TopApplicant.Data.csproj", "{BC20B1BC-24A6-4C31-B543-0B809B6DF640}"
EndProject
Project("{FAE04EC0-301F-11D3-BF4B-00C04F79EFBC}") = "TopApplicant.Service", "TopApplicant.Service\TopApplicant.Service.csproj", "{D675A255-6E5D-4FCD-9CE2-7CBC30B22CF9}"
EndProject
Project("{FAE04EC0-301F-11D3-BF4B-00C04F79EFBC}") = "TopApplicant.Test", "TopApplicant.Test\TopApplicant.Test.csproj", "{7D40DB5D-A2A6-4488-925E-B7DE29363454}"
EndProject
Global
	GlobalSection(SolutionConfigurationPlatforms) = preSolution
		Debug|Any CPU = Debug|Any CPU
		Release|Any CPU = Release|Any CPU
	EndGlobalSection
	GlobalSection(ProjectConfigurationPlatforms) = postSolution
		{574E7EB4-BE06-4FEA-B9FC-E0E571D71CF5}.Debug|Any CPU.ActiveCfg = Debug|Any CPU
		{574E7EB4-BE06-4FEA-B9FC-E0E571D71CF5}.Debug|Any CPU.Build.0 = Debug|Any CPU
		{574E7EB4-BE06-4FEA-B9FC-E0E571D71CF5}.Release|Any CPU.ActiveCfg = Release|Any CPU
		{574E7EB4-BE06-4FEA-B9FC-E0E571D71CF5}.Release|Any CPU.Build.0 = Release|Any CPU
		{BC20B1BC-24A6-4C31-B543-0B809B6DF640}.Debug|Any CPU.ActiveCfg = Debug|Any CPU
		{BC20B1BC-24A6-4C31-B543-0B809B6DF640}.Debug|Any CPU.Build.0 = Debug|Any CPU
		{BC20B1BC-24A6-4C31-B543-0B809B6DF640}.Release|Any CPU.ActiveCfg = Release|Any CPU
		{BC20B1BC-24A6-4C31-B543-0B809B6DF640}.Release|Any CPU.Build.0 = Release|Any CPU
		{D675A255-6E5D-4FCD-9CE2-7CBC30B22CF9}.Debug|Any CPU.ActiveCfg = Debug|Any CPU
		{D675A255-6E5D-4FCD-9CE2-7CBC30B22CF9}.Debug|Any CPU.Build.0 = Debug|Any CPU
		{D675A255-6E5D-4FCD-9CE2-7CBC30B22CF9}.Release|Any CPU.ActiveCfg = Release|Any CPU
		{D675A255-6E5D-4FCD-9CE2-7CBC30B22CF9}.Release|Any CPU.Build.0 = Release|Any CPU
		{7D40DB5D-A2A6-4488-925E-B7DE29363454}.Debug|Any CPU.ActiveCfg = Debug|Any CPU
		{7D40DB5D-A2A6-4488-925E-B7DE29363454}.Debug|Any CPU.Build.0 = Debug|Any CPU
		{7D40DB5D-A2A6-4488-925E-B7DE29363454}.Release|Any CPU.ActiveCfg = Release|Any CPU
		{7D40DB5D-A2A6-4488-925E-B7DE29363454}.Release|Any CPU.Build.0 = Release|Any CPU
	EndGlobalSection
	GlobalSection(SolutionProperties) = preSolution
		HideSolutionNode = FALSE
	EndGlobalSection
	GlobalSection(ExtensibilityGlobals) = postSolution
		SolutionGuid = {41134F1C-0E68-40F3-AB55-C0736A53AFA6}
	EndGlobalSection
EndGlobal
